{
    "version": 3,
    "terraform_version": "0.7.7",
    "serial": 156,
    "lineage": "e4bb816a-fdf0-48e4-8c01-264e9853112a",
    "modules": [
        {
            "path": [
                "root"
            ],
            "outputs": {
                "addresses": {
                    "sensitive": false,
                    "type": "list",
                    "value": [
                        "[{Variable (TypeString): ec2-34-248-142-182.eu-west-1.compute.amazonaws.com} {Variable (TypeString): ec2-34-248-42-48.eu-west-1.compute.amazonaws.com} {Variable (TypeString): ec2-34-248-135-199.eu-west-1.compute.amazonaws.com} {Variable (TypeString): ec2-34-248-244-58.eu-west-1.compute.amazonaws.com} {Variable (TypeString): ec2-34-249-9-172.eu-west-1.compute.amazonaws.com} {Variable (TypeString): ec2-34-248-206-60.eu-west-1.compute.amazonaws.com}] [{Variable (TypeString): 34.248.142.182} {Variable (TypeString): 34.248.42.48} {Variable (TypeString): 34.248.135.199} {Variable (TypeString): 34.248.244.58} {Variable (TypeString): 34.249.9.172} {Variable (TypeString): 34.248.206.60}] [{Variable (TypeString): 10.0.3.125} {Variable (TypeString): 10.0.1.240} {Variable (TypeString): 10.0.2.238} {Variable (TypeString): 10.0.3.242} {Variable (TypeString): 10.0.1.43} {Variable (TypeString): 10.0.2.83}]"
                    ]
                }
            },
            "resources": {
                "aws_instance.cdh.0": {
                    "type": "aws_instance",
                    "depends_on": [
                        "aws_security_group.sg_cdh",
                        "aws_subnet.public_subnets",
                        "template_file.cdh_init"
                    ],
                    "primary": {
                        "id": "i-018b62368ed3a6bb3",
                        "attributes": {
                            "ami": "ami-2be8da5c",
                            "associate_public_ip_address": "true",
                            "availability_zone": "eu-west-1c",
                            "disable_api_termination": "false",
                            "ebs_block_device.#": "0",
                            "ebs_optimized": "false",
                            "ephemeral_block_device.#": "0",
                            "iam_instance_profile": "",
                            "id": "i-018b62368ed3a6bb3",
                            "instance_state": "running",
                            "instance_type": "t2.medium",
                            "key_name": "reporting_cluster_key",
                            "monitoring": "false",
                            "network_interface_id": "eni-ecd99590",
                            "private_dns": "ip-10-0-3-140.eu-west-1.compute.internal",
                            "private_ip": "10.0.3.140",
                            "public_dns": "ec2-34-248-205-159.eu-west-1.compute.amazonaws.com",
                            "public_ip": "34.248.205.159",
                            "root_block_device.#": "1",
                            "root_block_device.0.delete_on_termination": "true",
                            "root_block_device.0.iops": "105",
                            "root_block_device.0.volume_size": "35",
                            "root_block_device.0.volume_type": "gp2",
                            "security_groups.#": "0",
                            "source_dest_check": "true",
                            "subnet_id": "subnet-ef27198b",
                            "tags.%": "3",
                            "tags.Environment": "hadooptest",
                            "tags.Name": "unixsupport-000-hadooptest-cdh0",
                            "tags.Project": "unixsupport-000",
                            "tenancy": "default",
                            "user_data": "9b1be70a33f7a0595b7d511e540bd7ac1c5eba36",
                            "vpc_security_group_ids.#": "1",
                            "vpc_security_group_ids.1575434902": "sg-8bb392ed"
                        },
                        "meta": {
                            "schema_version": "1"
                        },
                        "tainted": true
                    },
                    "deposed": [],
                    "provider": ""
                },
                "aws_instance.cdh.1": {
                    "type": "aws_instance",
                    "depends_on": [
                        "aws_security_group.sg_cdh",
                        "aws_subnet.public_subnets",
                        "template_file.cdh_init"
                    ],
                    "primary": {
                        "id": "i-08650e6e6baefdf7c",
                        "attributes": {
                            "ami": "ami-2be8da5c",
                            "associate_public_ip_address": "true",
                            "availability_zone": "eu-west-1a",
                            "disable_api_termination": "false",
                            "ebs_block_device.#": "0",
                            "ebs_optimized": "false",
                            "ephemeral_block_device.#": "0",
                            "iam_instance_profile": "",
                            "id": "i-08650e6e6baefdf7c",
                            "instance_state": "running",
                            "instance_type": "t2.medium",
                            "key_name": "reporting_cluster_key",
                            "monitoring": "false",
                            "network_interface_id": "eni-78369639",
                            "private_dns": "ip-10-0-1-56.eu-west-1.compute.internal",
                            "private_ip": "10.0.1.56",
                            "public_dns": "ec2-34-249-33-98.eu-west-1.compute.amazonaws.com",
                            "public_ip": "34.249.33.98",
                            "root_block_device.#": "1",
                            "root_block_device.0.delete_on_termination": "true",
                            "root_block_device.0.iops": "105",
                            "root_block_device.0.volume_size": "35",
                            "root_block_device.0.volume_type": "gp2",
                            "security_groups.#": "0",
                            "source_dest_check": "true",
                            "subnet_id": "subnet-3c8cbe4a",
                            "tags.%": "3",
                            "tags.Environment": "hadooptest",
                            "tags.Name": "unixsupport-000-hadooptest-cdh1",
                            "tags.Project": "unixsupport-000",
                            "tenancy": "default",
                            "user_data": "0906e5765095ad8464ead4d9e6fb6625cc624c94",
                            "vpc_security_group_ids.#": "1",
                            "vpc_security_group_ids.1575434902": "sg-8bb392ed"
                        },
                        "meta": {
                            "schema_version": "1"
                        },
                        "tainted": true
                    },
                    "deposed": [],
                    "provider": ""
                },
                "aws_instance.cdh.2": {
                    "type": "aws_instance",
                    "depends_on": [
                        "aws_security_group.sg_cdh",
                        "aws_subnet.public_subnets",
                        "template_file.cdh_init"
                    ],
                    "primary": {
                        "id": "i-01191d043a7f6c680",
                        "attributes": {
                            "ami": "ami-2be8da5c",
                            "associate_public_ip_address": "true",
                            "availability_zone": "eu-west-1b",
                            "disable_api_termination": "false",
                            "ebs_block_device.#": "0",
                            "ebs_optimized": "false",
                            "ephemeral_block_device.#": "0",
                            "iam_instance_profile": "",
                            "id": "i-01191d043a7f6c680",
                            "instance_state": "running",
                            "instance_type": "t2.medium",
                            "key_name": "reporting_cluster_key",
                            "monitoring": "false",
                            "network_interface_id": "eni-b72ea9e7",
                            "private_dns": "ip-10-0-2-183.eu-west-1.compute.internal",
                            "private_ip": "10.0.2.183",
                            "public_dns": "ec2-34-249-9-120.eu-west-1.compute.amazonaws.com",
                            "public_ip": "34.249.9.120",
                            "root_block_device.#": "1",
                            "root_block_device.0.delete_on_termination": "true",
                            "root_block_device.0.iops": "105",
                            "root_block_device.0.volume_size": "35",
                            "root_block_device.0.volume_type": "gp2",
                            "security_groups.#": "0",
                            "source_dest_check": "true",
                            "subnet_id": "subnet-bb84ffe3",
                            "tags.%": "3",
                            "tags.Environment": "hadooptest",
                            "tags.Name": "unixsupport-000-hadooptest-cdh2",
                            "tags.Project": "unixsupport-000",
                            "tenancy": "default",
                            "user_data": "40d5a27f5d73204a5a0dc9486425c6d5d83d7630",
                            "vpc_security_group_ids.#": "1",
                            "vpc_security_group_ids.1575434902": "sg-8bb392ed"
                        },
                        "meta": {
                            "schema_version": "1"
                        },
                        "tainted": true
                    },
                    "deposed": [],
                    "provider": ""
                },
                "aws_instance.cdh.3": {
                    "type": "aws_instance",
                    "depends_on": [
                        "aws_security_group.sg_cdh",
                        "aws_subnet.public_subnets",
                        "template_file.cdh_init"
                    ],
                    "primary": {
                        "id": "i-04fa81a7d5eff28ad",
                        "attributes": {
                            "ami": "ami-2be8da5c",
                            "associate_public_ip_address": "true",
                            "availability_zone": "eu-west-1c",
                            "disable_api_termination": "false",
                            "ebs_block_device.#": "0",
                            "ebs_optimized": "false",
                            "ephemeral_block_device.#": "0",
                            "iam_instance_profile": "",
                            "id": "i-04fa81a7d5eff28ad",
                            "instance_state": "running",
                            "instance_type": "t2.medium",
                            "key_name": "reporting_cluster_key",
                            "monitoring": "false",
                            "network_interface_id": "eni-27d8945b",
                            "private_dns": "ip-10-0-3-61.eu-west-1.compute.internal",
                            "private_ip": "10.0.3.61",
                            "public_dns": "ec2-34-249-119-211.eu-west-1.compute.amazonaws.com",
                            "public_ip": "34.249.119.211",
                            "root_block_device.#": "1",
                            "root_block_device.0.delete_on_termination": "true",
                            "root_block_device.0.iops": "105",
                            "root_block_device.0.volume_size": "35",
                            "root_block_device.0.volume_type": "gp2",
                            "security_groups.#": "0",
                            "source_dest_check": "true",
                            "subnet_id": "subnet-ef27198b",
                            "tags.%": "3",
                            "tags.Environment": "hadooptest",
                            "tags.Name": "unixsupport-000-hadooptest-cdh3",
                            "tags.Project": "unixsupport-000",
                            "tenancy": "default",
                            "user_data": "1c4430c7fe1c1dfba39d913e7ab506881735990d",
                            "vpc_security_group_ids.#": "1",
                            "vpc_security_group_ids.1575434902": "sg-8bb392ed"
                        },
                        "meta": {
                            "schema_version": "1"
                        },
                        "tainted": true
                    },
                    "deposed": [],
                    "provider": ""
                },
                "aws_instance.cdh.4": {
                    "type": "aws_instance",
                    "depends_on": [
                        "aws_security_group.sg_cdh",
                        "aws_subnet.public_subnets",
                        "template_file.cdh_init"
                    ],
                    "primary": {
                        "id": "i-058459c1d73c4d1bb",
                        "attributes": {
                            "ami": "ami-2be8da5c",
                            "associate_public_ip_address": "true",
                            "availability_zone": "eu-west-1a",
                            "disable_api_termination": "false",
                            "ebs_block_device.#": "0",
                            "ebs_optimized": "false",
                            "ephemeral_block_device.#": "0",
                            "iam_instance_profile": "",
                            "id": "i-058459c1d73c4d1bb",
                            "instance_state": "running",
                            "instance_type": "t2.medium",
                            "key_name": "reporting_cluster_key",
                            "monitoring": "false",
                            "network_interface_id": "eni-7b36963a",
                            "private_dns": "ip-10-0-1-52.eu-west-1.compute.internal",
                            "private_ip": "10.0.1.52",
                            "public_dns": "ec2-34-249-123-67.eu-west-1.compute.amazonaws.com",
                            "public_ip": "34.249.123.67",
                            "root_block_device.#": "1",
                            "root_block_device.0.delete_on_termination": "true",
                            "root_block_device.0.iops": "105",
                            "root_block_device.0.volume_size": "35",
                            "root_block_device.0.volume_type": "gp2",
                            "security_groups.#": "0",
                            "source_dest_check": "true",
                            "subnet_id": "subnet-3c8cbe4a",
                            "tags.%": "3",
                            "tags.Environment": "hadooptest",
                            "tags.Name": "unixsupport-000-hadooptest-cdh4",
                            "tags.Project": "unixsupport-000",
                            "tenancy": "default",
                            "user_data": "f062b80ce1b9eee406b25495183113a48d5cf704",
                            "vpc_security_group_ids.#": "1",
                            "vpc_security_group_ids.1575434902": "sg-8bb392ed"
                        },
                        "meta": {
                            "schema_version": "1"
                        },
                        "tainted": true
                    },
                    "deposed": [],
                    "provider": ""
                },
                "aws_instance.cdh.5": {
                    "type": "aws_instance",
                    "depends_on": [
                        "aws_security_group.sg_cdh",
                        "aws_subnet.public_subnets",
                        "template_file.cdh_init"
                    ],
                    "primary": {
                        "id": "i-02f1c5855bbe7fd7a",
                        "attributes": {
                            "ami": "ami-2be8da5c",
                            "associate_public_ip_address": "true",
                            "availability_zone": "eu-west-1b",
                            "disable_api_termination": "false",
                            "ebs_block_device.#": "0",
                            "ebs_optimized": "false",
                            "ephemeral_block_device.#": "0",
                            "iam_instance_profile": "",
                            "id": "i-02f1c5855bbe7fd7a",
                            "instance_state": "running",
                            "instance_type": "t2.medium",
                            "key_name": "reporting_cluster_key",
                            "monitoring": "false",
                            "network_interface_id": "eni-6225a232",
                            "private_dns": "ip-10-0-2-203.eu-west-1.compute.internal",
                            "private_ip": "10.0.2.203",
                            "public_dns": "ec2-34-249-80-151.eu-west-1.compute.amazonaws.com",
                            "public_ip": "34.249.80.151",
                            "root_block_device.#": "1",
                            "root_block_device.0.delete_on_termination": "true",
                            "root_block_device.0.iops": "105",
                            "root_block_device.0.volume_size": "35",
                            "root_block_device.0.volume_type": "gp2",
                            "security_groups.#": "0",
                            "source_dest_check": "true",
                            "subnet_id": "subnet-bb84ffe3",
                            "tags.%": "3",
                            "tags.Environment": "hadooptest",
                            "tags.Name": "unixsupport-000-hadooptest-cdh5",
                            "tags.Project": "unixsupport-000",
                            "tenancy": "default",
                            "user_data": "0381bfe9bb15ef2e21ac008ef322b94d60db3596",
                            "vpc_security_group_ids.#": "1",
                            "vpc_security_group_ids.1575434902": "sg-8bb392ed"
                        },
                        "meta": {
                            "schema_version": "1"
                        },
                        "tainted": true
                    },
                    "deposed": [],
                    "provider": ""
                },
                "aws_internet_gateway.gw": {
                    "type": "aws_internet_gateway",
                    "depends_on": [
                        "aws_vpc.main"
                    ],
                    "primary": {
                        "id": "igw-98c263fc",
                        "attributes": {
                            "id": "igw-98c263fc",
                            "tags.%": "3",
                            "tags.Environment": "hadooptest",
                            "tags.Name": "unixsupport-000  internet gateway",
                            "tags.Project": "unixsupport-000",
                            "vpc_id": "vpc-66200902"
                        },
                        "meta": {},
                        "tainted": false
                    },
                    "deposed": [],
                    "provider": ""
                },
                "aws_route_table.public": {
                    "type": "aws_route_table",
                    "depends_on": [
                        "aws_internet_gateway.gw",
                        "aws_vpc.main"
                    ],
                    "primary": {
                        "id": "rtb-09ae686e",
                        "attributes": {
                            "id": "rtb-09ae686e",
                            "propagating_vgws.#": "0",
                            "route.#": "1",
                            "route.1279773.cidr_block": "0.0.0.0/0",
                            "route.1279773.gateway_id": "igw-98c263fc",
                            "route.1279773.instance_id": "",
                            "route.1279773.nat_gateway_id": "",
                            "route.1279773.network_interface_id": "",
                            "route.1279773.vpc_peering_connection_id": "",
                            "tags.%": "3",
                            "tags.Environment": "hadooptest",
                            "tags.Name": "unixsupport-000 public route table",
                            "tags.Project": "unixsupport-000",
                            "vpc_id": "vpc-66200902"
                        },
                        "meta": {},
                        "tainted": false
                    },
                    "deposed": [],
                    "provider": ""
                },
                "aws_route_table_association.private_hosts.0": {
                    "type": "aws_route_table_association",
                    "depends_on": [
                        "aws_route_table.public",
                        "aws_subnet.private_subnets"
                    ],
                    "primary": {
                        "id": "rtbassoc-12ba8575",
                        "attributes": {
                            "id": "rtbassoc-12ba8575",
                            "route_table_id": "rtb-09ae686e",
                            "subnet_id": "subnet-ba84ffe2"
                        },
                        "meta": {},
                        "tainted": false
                    },
                    "deposed": [],
                    "provider": ""
                },
                "aws_route_table_association.private_hosts.1": {
                    "type": "aws_route_table_association",
                    "depends_on": [
                        "aws_route_table.public",
                        "aws_subnet.private_subnets"
                    ],
                    "primary": {
                        "id": "rtbassoc-10ba8577",
                        "attributes": {
                            "id": "rtbassoc-10ba8577",
                            "route_table_id": "rtb-09ae686e",
                            "subnet_id": "subnet-ee27198a"
                        },
                        "meta": {},
                        "tainted": false
                    },
                    "deposed": [],
                    "provider": ""
                },
                "aws_route_table_association.private_hosts.2": {
                    "type": "aws_route_table_association",
                    "depends_on": [
                        "aws_route_table.public",
                        "aws_subnet.private_subnets"
                    ],
                    "primary": {
                        "id": "rtbassoc-1fba8578",
                        "attributes": {
                            "id": "rtbassoc-1fba8578",
                            "route_table_id": "rtb-09ae686e",
                            "subnet_id": "subnet-3d8cbe4b"
                        },
                        "meta": {},
                        "tainted": false
                    },
                    "deposed": [],
                    "provider": ""
                },
                "aws_route_table_association.public_hosts.0": {
                    "type": "aws_route_table_association",
                    "depends_on": [
                        "aws_route_table.public",
                        "aws_subnet.public_subnets"
                    ],
                    "primary": {
                        "id": "rtbassoc-11ba8576",
                        "attributes": {
                            "id": "rtbassoc-11ba8576",
                            "route_table_id": "rtb-09ae686e",
                            "subnet_id": "subnet-bb84ffe3"
                        },
                        "meta": {},
                        "tainted": false
                    },
                    "deposed": [],
                    "provider": ""
                },
                "aws_route_table_association.public_hosts.1": {
                    "type": "aws_route_table_association",
                    "depends_on": [
                        "aws_route_table.public",
                        "aws_subnet.public_subnets"
                    ],
                    "primary": {
                        "id": "rtbassoc-14ba8573",
                        "attributes": {
                            "id": "rtbassoc-14ba8573",
                            "route_table_id": "rtb-09ae686e",
                            "subnet_id": "subnet-ef27198b"
                        },
                        "meta": {},
                        "tainted": false
                    },
                    "deposed": [],
                    "provider": ""
                },
                "aws_route_table_association.public_hosts.2": {
                    "type": "aws_route_table_association",
                    "depends_on": [
                        "aws_route_table.public",
                        "aws_subnet.public_subnets"
                    ],
                    "primary": {
                        "id": "rtbassoc-13ba8574",
                        "attributes": {
                            "id": "rtbassoc-13ba8574",
                            "route_table_id": "rtb-09ae686e",
                            "subnet_id": "subnet-3c8cbe4a"
                        },
                        "meta": {},
                        "tainted": false
                    },
                    "deposed": [],
                    "provider": ""
                },
                "aws_security_group.sg_cdh": {
                    "type": "aws_security_group",
                    "depends_on": [
                        "aws_vpc.main"
                    ],
                    "primary": {
                        "id": "sg-8bb392ed",
                        "attributes": {
                            "description": "Security group that is needed for the cdh servers",
                            "egress.#": "4",
                            "egress.2214680975.cidr_blocks.#": "1",
                            "egress.2214680975.cidr_blocks.0": "0.0.0.0/0",
                            "egress.2214680975.from_port": "80",
                            "egress.2214680975.prefix_list_ids.#": "0",
                            "egress.2214680975.protocol": "tcp",
                            "egress.2214680975.security_groups.#": "0",
                            "egress.2214680975.self": "false",
                            "egress.2214680975.to_port": "80",
                            "egress.2541437006.cidr_blocks.#": "1",
                            "egress.2541437006.cidr_blocks.0": "0.0.0.0/0",
                            "egress.2541437006.from_port": "22",
                            "egress.2541437006.prefix_list_ids.#": "0",
                            "egress.2541437006.protocol": "tcp",
                            "egress.2541437006.security_groups.#": "0",
                            "egress.2541437006.self": "false",
                            "egress.2541437006.to_port": "22",
                            "egress.2617001939.cidr_blocks.#": "1",
                            "egress.2617001939.cidr_blocks.0": "0.0.0.0/0",
                            "egress.2617001939.from_port": "443",
                            "egress.2617001939.prefix_list_ids.#": "0",
                            "egress.2617001939.protocol": "tcp",
                            "egress.2617001939.security_groups.#": "0",
                            "egress.2617001939.self": "false",
                            "egress.2617001939.to_port": "443",
                            "egress.753360330.cidr_blocks.#": "0",
                            "egress.753360330.from_port": "0",
                            "egress.753360330.prefix_list_ids.#": "0",
                            "egress.753360330.protocol": "-1",
                            "egress.753360330.security_groups.#": "0",
                            "egress.753360330.self": "true",
                            "egress.753360330.to_port": "0",
                            "id": "sg-8bb392ed",
                            "ingress.#": "4",
                            "ingress.3493205553.cidr_blocks.#": "1",
                            "ingress.3493205553.cidr_blocks.0": "79.71.166.8/32",
                            "ingress.3493205553.from_port": "443",
                            "ingress.3493205553.protocol": "tcp",
                            "ingress.3493205553.security_groups.#": "0",
                            "ingress.3493205553.self": "false",
                            "ingress.3493205553.to_port": "443",
                            "ingress.4291276486.cidr_blocks.#": "1",
                            "ingress.4291276486.cidr_blocks.0": "79.71.166.8/32",
                            "ingress.4291276486.from_port": "7180",
                            "ingress.4291276486.protocol": "tcp",
                            "ingress.4291276486.security_groups.#": "0",
                            "ingress.4291276486.self": "false",
                            "ingress.4291276486.to_port": "7180",
                            "ingress.750292768.cidr_blocks.#": "1",
                            "ingress.750292768.cidr_blocks.0": "79.71.166.8/32",
                            "ingress.750292768.from_port": "22",
                            "ingress.750292768.protocol": "tcp",
                            "ingress.750292768.security_groups.#": "0",
                            "ingress.750292768.self": "false",
                            "ingress.750292768.to_port": "22",
                            "ingress.753360330.cidr_blocks.#": "0",
                            "ingress.753360330.from_port": "0",
                            "ingress.753360330.protocol": "-1",
                            "ingress.753360330.security_groups.#": "0",
                            "ingress.753360330.self": "true",
                            "ingress.753360330.to_port": "0",
                            "name": "sg_cdh",
                            "owner_id": "889414503859",
                            "tags.%": "3",
                            "tags.Environment": "hadooptest",
                            "tags.Name": "unixsupport-000-hadooptest-sg_cdh",
                            "tags.Project": "unixsupport-000",
                            "vpc_id": "vpc-66200902"
                        },
                        "meta": {},
                        "tainted": false
                    },
                    "deposed": [],
                    "provider": ""
                },
                "aws_subnet.private_subnets.0": {
                    "type": "aws_subnet",
                    "depends_on": [
                        "aws_vpc.main"
                    ],
                    "primary": {
                        "id": "subnet-ba84ffe2",
                        "attributes": {
                            "availability_zone": "eu-west-1b",
                            "cidr_block": "10.0.5.0/24",
                            "id": "subnet-ba84ffe2",
                            "map_public_ip_on_launch": "true",
                            "tags.%": "3",
                            "tags.Environment": "hadooptest",
                            "tags.Name": "private 1",
                            "tags.Project": "unixsupport-000",
                            "vpc_id": "vpc-66200902"
                        },
                        "meta": {},
                        "tainted": false
                    },
                    "deposed": [],
                    "provider": ""
                },
                "aws_subnet.private_subnets.1": {
                    "type": "aws_subnet",
                    "depends_on": [
                        "aws_vpc.main"
                    ],
                    "primary": {
                        "id": "subnet-ee27198a",
                        "attributes": {
                            "availability_zone": "eu-west-1c",
                            "cidr_block": "10.0.6.0/24",
                            "id": "subnet-ee27198a",
                            "map_public_ip_on_launch": "true",
                            "tags.%": "3",
                            "tags.Environment": "hadooptest",
                            "tags.Name": "private 2",
                            "tags.Project": "unixsupport-000",
                            "vpc_id": "vpc-66200902"
                        },
                        "meta": {},
                        "tainted": false
                    },
                    "deposed": [],
                    "provider": ""
                },
                "aws_subnet.private_subnets.2": {
                    "type": "aws_subnet",
                    "depends_on": [
                        "aws_vpc.main"
                    ],
                    "primary": {
                        "id": "subnet-3d8cbe4b",
                        "attributes": {
                            "availability_zone": "eu-west-1a",
                            "cidr_block": "10.0.4.0/24",
                            "id": "subnet-3d8cbe4b",
                            "map_public_ip_on_launch": "true",
                            "tags.%": "3",
                            "tags.Environment": "hadooptest",
                            "tags.Name": "private 3",
                            "tags.Project": "unixsupport-000",
                            "vpc_id": "vpc-66200902"
                        },
                        "meta": {},
                        "tainted": false
                    },
                    "deposed": [],
                    "provider": ""
                },
                "aws_subnet.public_subnets.0": {
                    "type": "aws_subnet",
                    "depends_on": [
                        "aws_vpc.main"
                    ],
                    "primary": {
                        "id": "subnet-bb84ffe3",
                        "attributes": {
                            "availability_zone": "eu-west-1b",
                            "cidr_block": "10.0.2.0/24",
                            "id": "subnet-bb84ffe3",
                            "map_public_ip_on_launch": "true",
                            "tags.%": "3",
                            "tags.Environment": "hadooptest",
                            "tags.Name": "public 1",
                            "tags.Project": "unixsupport-000",
                            "vpc_id": "vpc-66200902"
                        },
                        "meta": {},
                        "tainted": false
                    },
                    "deposed": [],
                    "provider": ""
                },
                "aws_subnet.public_subnets.1": {
                    "type": "aws_subnet",
                    "depends_on": [
                        "aws_vpc.main"
                    ],
                    "primary": {
                        "id": "subnet-ef27198b",
                        "attributes": {
                            "availability_zone": "eu-west-1c",
                            "cidr_block": "10.0.3.0/24",
                            "id": "subnet-ef27198b",
                            "map_public_ip_on_launch": "true",
                            "tags.%": "3",
                            "tags.Environment": "hadooptest",
                            "tags.Name": "public 2",
                            "tags.Project": "unixsupport-000",
                            "vpc_id": "vpc-66200902"
                        },
                        "meta": {},
                        "tainted": false
                    },
                    "deposed": [],
                    "provider": ""
                },
                "aws_subnet.public_subnets.2": {
                    "type": "aws_subnet",
                    "depends_on": [
                        "aws_vpc.main"
                    ],
                    "primary": {
                        "id": "subnet-3c8cbe4a",
                        "attributes": {
                            "availability_zone": "eu-west-1a",
                            "cidr_block": "10.0.1.0/24",
                            "id": "subnet-3c8cbe4a",
                            "map_public_ip_on_launch": "true",
                            "tags.%": "3",
                            "tags.Environment": "hadooptest",
                            "tags.Name": "public 3",
                            "tags.Project": "unixsupport-000",
                            "vpc_id": "vpc-66200902"
                        },
                        "meta": {},
                        "tainted": false
                    },
                    "deposed": [],
                    "provider": ""
                },
                "aws_vpc.main": {
                    "type": "aws_vpc",
                    "depends_on": [],
                    "primary": {
                        "id": "vpc-66200902",
                        "attributes": {
                            "cidr_block": "10.0.0.0/16",
                            "default_network_acl_id": "acl-db20cebc",
                            "default_route_table_id": "rtb-0aae686d",
                            "default_security_group_id": "sg-8cb392ea",
                            "dhcp_options_id": "dopt-6adbc608",
                            "enable_classiclink": "false",
                            "enable_dns_hostnames": "true",
                            "enable_dns_support": "true",
                            "id": "vpc-66200902",
                            "instance_tenancy": "default",
                            "main_route_table_id": "rtb-0aae686d",
                            "tags.%": "3",
                            "tags.Environment": "hadooptest",
                            "tags.Name": "unixsupport-000 VPC",
                            "tags.Project": "unixsupport-000"
                        },
                        "meta": {},
                        "tainted": false
                    },
                    "deposed": [],
                    "provider": ""
                },
                "template_file.cdh_init.0": {
                    "type": "template_file",
                    "depends_on": [],
                    "primary": {
                        "id": "f23219ab64fe0e0313de4ce88615d08d2e5e70240696db1bfdca102e08668580",
                        "attributes": {
                            "id": "f23219ab64fe0e0313de4ce88615d08d2e5e70240696db1bfdca102e08668580",
                            "rendered": "#cloud-config\nhostname: 'nn1elephant' # Substituted by Terraform\nmanage_etc_hosts: true\n\nruncmd:\n    - '\\sed -i \"/HOSTNAME/s/=\\(.*\\)/=nn1elephant/\" /etc/sysconfig/network'\n    - [init, '6']\n",
                            "template": "#cloud-config\nhostname: '${tf_hostname}' # Substituted by Terraform\nmanage_etc_hosts: true\n\nruncmd:\n    - '\\sed -i \"/HOSTNAME/s/=\\(.*\\)/=${tf_hostname}/\" /etc/sysconfig/network'\n    - [init, '6']\n",
                            "vars.%": "1",
                            "vars.tf_hostname": "nn1elephant"
                        },
                        "meta": {},
                        "tainted": false
                    },
                    "deposed": [],
                    "provider": ""
                },
                "template_file.cdh_init.1": {
                    "type": "template_file",
                    "depends_on": [],
                    "primary": {
                        "id": "37daeee7b075120bf601e83823b71ea05eff5904a385c3d69574b4fcb321a59e",
                        "attributes": {
                            "id": "37daeee7b075120bf601e83823b71ea05eff5904a385c3d69574b4fcb321a59e",
                            "rendered": "#cloud-config\nhostname: 'nn2tiger' # Substituted by Terraform\nmanage_etc_hosts: true\n\nruncmd:\n    - '\\sed -i \"/HOSTNAME/s/=\\(.*\\)/=nn2tiger/\" /etc/sysconfig/network'\n    - [init, '6']\n",
                            "template": "#cloud-config\nhostname: '${tf_hostname}' # Substituted by Terraform\nmanage_etc_hosts: true\n\nruncmd:\n    - '\\sed -i \"/HOSTNAME/s/=\\(.*\\)/=${tf_hostname}/\" /etc/sysconfig/network'\n    - [init, '6']\n",
                            "vars.%": "1",
                            "vars.tf_hostname": "nn2tiger"
                        },
                        "meta": {},
                        "tainted": false
                    },
                    "deposed": [],
                    "provider": ""
                },
                "template_file.cdh_init.2": {
                    "type": "template_file",
                    "depends_on": [],
                    "primary": {
                        "id": "4b2f0531ac4954cf2b4b7969847011864456db9517630617b8b333960f59b3dc",
                        "attributes": {
                            "id": "4b2f0531ac4954cf2b4b7969847011864456db9517630617b8b333960f59b3dc",
                            "rendered": "#cloud-config\nhostname: 'dn1horse' # Substituted by Terraform\nmanage_etc_hosts: true\n\nruncmd:\n    - '\\sed -i \"/HOSTNAME/s/=\\(.*\\)/=dn1horse/\" /etc/sysconfig/network'\n    - [init, '6']\n",
                            "template": "#cloud-config\nhostname: '${tf_hostname}' # Substituted by Terraform\nmanage_etc_hosts: true\n\nruncmd:\n    - '\\sed -i \"/HOSTNAME/s/=\\(.*\\)/=${tf_hostname}/\" /etc/sysconfig/network'\n    - [init, '6']\n",
                            "vars.%": "1",
                            "vars.tf_hostname": "dn1horse"
                        },
                        "meta": {},
                        "tainted": false
                    },
                    "deposed": [],
                    "provider": ""
                },
                "template_file.cdh_init.3": {
                    "type": "template_file",
                    "depends_on": [],
                    "primary": {
                        "id": "8f9cc676c3dae1652af1857660c19e2b114659a61dfcafac443e59df11f34ad2",
                        "attributes": {
                            "id": "8f9cc676c3dae1652af1857660c19e2b114659a61dfcafac443e59df11f34ad2",
                            "rendered": "#cloud-config\nhostname: 'dn2monkey' # Substituted by Terraform\nmanage_etc_hosts: true\n\nruncmd:\n    - '\\sed -i \"/HOSTNAME/s/=\\(.*\\)/=dn2monkey/\" /etc/sysconfig/network'\n    - [init, '6']\n",
                            "template": "#cloud-config\nhostname: '${tf_hostname}' # Substituted by Terraform\nmanage_etc_hosts: true\n\nruncmd:\n    - '\\sed -i \"/HOSTNAME/s/=\\(.*\\)/=${tf_hostname}/\" /etc/sysconfig/network'\n    - [init, '6']\n",
                            "vars.%": "1",
                            "vars.tf_hostname": "dn2monkey"
                        },
                        "meta": {},
                        "tainted": false
                    },
                    "deposed": [],
                    "provider": ""
                },
                "template_file.cdh_init.4": {
                    "type": "template_file",
                    "depends_on": [],
                    "primary": {
                        "id": "e1c594fa5799f4dc475ca8de6bb17a5d3369744aabbd48228550864503658369",
                        "attributes": {
                            "id": "e1c594fa5799f4dc475ca8de6bb17a5d3369744aabbd48228550864503658369",
                            "rendered": "#cloud-config\nhostname: 'cm1lion' # Substituted by Terraform\nmanage_etc_hosts: true\n\nruncmd:\n    - '\\sed -i \"/HOSTNAME/s/=\\(.*\\)/=cm1lion/\" /etc/sysconfig/network'\n    - [init, '6']\n",
                            "template": "#cloud-config\nhostname: '${tf_hostname}' # Substituted by Terraform\nmanage_etc_hosts: true\n\nruncmd:\n    - '\\sed -i \"/HOSTNAME/s/=\\(.*\\)/=${tf_hostname}/\" /etc/sysconfig/network'\n    - [init, '6']\n",
                            "vars.%": "1",
                            "vars.tf_hostname": "cm1lion"
                        },
                        "meta": {},
                        "tainted": false
                    },
                    "deposed": [],
                    "provider": ""
                },
                "template_file.cdh_init.5": {
                    "type": "template_file",
                    "depends_on": [],
                    "primary": {
                        "id": "1076564b48714074cc09fc3bdae25a81fc9cdb6674be6c112b4dce68793539bd",
                        "attributes": {
                            "id": "1076564b48714074cc09fc3bdae25a81fc9cdb6674be6c112b4dce68793539bd",
                            "rendered": "#cloud-config\nhostname: 'dn4snake' # Substituted by Terraform\nmanage_etc_hosts: true\n\nruncmd:\n    - '\\sed -i \"/HOSTNAME/s/=\\(.*\\)/=dn4snake/\" /etc/sysconfig/network'\n    - [init, '6']\n",
                            "template": "#cloud-config\nhostname: '${tf_hostname}' # Substituted by Terraform\nmanage_etc_hosts: true\n\nruncmd:\n    - '\\sed -i \"/HOSTNAME/s/=\\(.*\\)/=${tf_hostname}/\" /etc/sysconfig/network'\n    - [init, '6']\n",
                            "vars.%": "1",
                            "vars.tf_hostname": "dn4snake"
                        },
                        "meta": {},
                        "tainted": false
                    },
                    "deposed": [],
                    "provider": ""
                }
            },
            "depends_on": []
        }
    ]
}
